
Microsoft Visual Studio Solution File, Format Version 12.00
# Visual Studio Version 16
VisualStudioVersion = 16.0.30711.63
MinimumVisualStudioVersion = 10.0.40219.1
Project("{FAE04EC0-301F-11D3-BF4B-00C04F79EFBC}") = "ÖvningsuppgifterDel3.1", "ÖvningsuppgifterDel3.1\ÖvningsuppgifterDel3.1.csproj", "{3FAE8469-639E-4DEE-A7BD-A0DF2A79C8FB}"
EndProject
Global
	GlobalSection(SolutionConfigurationPlatforms) = preSolution
		Debug|Any CPU = Debug|Any CPU
		Release|Any CPU = Release|Any CPU
	EndGlobalSection
	GlobalSection(ProjectConfigurationPlatforms) = postSolution
		{3FAE8469-639E-4DEE-A7BD-A0DF2A79C8FB}.Debug|Any CPU.ActiveCfg = Debug|Any CPU
		{3FAE8469-639E-4DEE-A7BD-A0DF2A79C8FB}.Debug|Any CPU.Build.0 = Debug|Any CPU
		{3FAE8469-639E-4DEE-A7BD-A0DF2A79C8FB}.Release|Any CPU.ActiveCfg = Release|Any CPU
		{3FAE8469-639E-4DEE-A7BD-A0DF2A79C8FB}.Release|Any CPU.Build.0 = Release|Any CPU
	EndGlobalSection
	GlobalSection(SolutionProperties) = preSolution
		HideSolutionNode = FALSE
	EndGlobalSection
	GlobalSection(ExtensibilityGlobals) = postSolution
		SolutionGuid = {7D2D435B-DB42-4B71-9CFA-B2C8B6877C8F}
	EndGlobalSection
EndGlobal
