
Microsoft Visual Studio Solution File, Format Version 12.00
# Visual Studio Version 16
VisualStudioVersion = 16.0.30717.126
MinimumVisualStudioVersion = 10.0.40219.1
Project("{FAE04EC0-301F-11D3-BF4B-00C04F79EFBC}") = "ÖvningsuppgifterDel7", "ÖvningsuppgifterDel7\ÖvningsuppgifterDel7.csproj", "{884BDFA2-C9BC-4ADD-A8A5-15C2CB7B4838}"
EndProject
Global
	GlobalSection(SolutionConfigurationPlatforms) = preSolution
		Debug|Any CPU = Debug|Any CPU
		Release|Any CPU = Release|Any CPU
	EndGlobalSection
	GlobalSection(ProjectConfigurationPlatforms) = postSolution
		{884BDFA2-C9BC-4ADD-A8A5-15C2CB7B4838}.Debug|Any CPU.ActiveCfg = Debug|Any CPU
		{884BDFA2-C9BC-4ADD-A8A5-15C2CB7B4838}.Debug|Any CPU.Build.0 = Debug|Any CPU
		{884BDFA2-C9BC-4ADD-A8A5-15C2CB7B4838}.Release|Any CPU.ActiveCfg = Release|Any CPU
		{884BDFA2-C9BC-4ADD-A8A5-15C2CB7B4838}.Release|Any CPU.Build.0 = Release|Any CPU
	EndGlobalSection
	GlobalSection(SolutionProperties) = preSolution
		HideSolutionNode = FALSE
	EndGlobalSection
	GlobalSection(ExtensibilityGlobals) = postSolution
		SolutionGuid = {710CE86C-7C81-4E47-8F2B-6AEBD6541703}
	EndGlobalSection
EndGlobal
